
Microsoft Visual Studio Solution File, Format Version 11.00
# Visual Studio 2010
Project("{8BC9CEB8-8B4A-11D0-8D11-00A0C91BC942}") = "Lab05", "Lab05.vcxproj", "{AF65EEF7-B9DD-4B57-8325-49E6FA366546}"
EndProject
Global
	GlobalSection(SolutionConfigurationPlatforms) = preSolution
		Debug|Win32 = Debug|Win32
		Release|Win32 = Release|Win32
	EndGlobalSection
	GlobalSection(ProjectConfigurationPlatforms) = postSolution
		{AF65EEF7-B9DD-4B57-8325-49E6FA366546}.Debug|Win32.ActiveCfg = Debug|Win32
		{AF65EEF7-B9DD-4B57-8325-49E6FA366546}.Debug|Win32.Build.0 = Debug|Win32
		{AF65EEF7-B9DD-4B57-8325-49E6FA366546}.Release|Win32.ActiveCfg = Release|Win32
		{AF65EEF7-B9DD-4B57-8325-49E6FA366546}.Release|Win32.Build.0 = Release|Win32
	EndGlobalSection
	GlobalSection(SolutionProperties) = preSolution
		HideSolutionNode = FALSE
	EndGlobalSection
EndGlobal
